
Microsoft Visual Studio Solution File, Format Version 12.00
# Visual Studio Version 17
VisualStudioVersion = 17.2.32519.379
MinimumVisualStudioVersion = 10.0.40219.1
Project("{FAE04EC0-301F-11D3-BF4B-00C04F79EFBC}") = "TrainingC", "TrainingC.csproj", "{66B8C2AC-BCA0-4344-B4C8-3F2C51DB2B13}"
EndProject
Global
	GlobalSection(SolutionConfigurationPlatforms) = preSolution
		Debug|Any CPU = Debug|Any CPU
		Release|Any CPU = Release|Any CPU
	EndGlobalSection
	GlobalSection(ProjectConfigurationPlatforms) = postSolution
		{66B8C2AC-BCA0-4344-B4C8-3F2C51DB2B13}.Debug|Any CPU.ActiveCfg = Debug|Any CPU
		{66B8C2AC-BCA0-4344-B4C8-3F2C51DB2B13}.Debug|Any CPU.Build.0 = Debug|Any CPU
		{66B8C2AC-BCA0-4344-B4C8-3F2C51DB2B13}.Release|Any CPU.ActiveCfg = Release|Any CPU
		{66B8C2AC-BCA0-4344-B4C8-3F2C51DB2B13}.Release|Any CPU.Build.0 = Release|Any CPU
	EndGlobalSection
	GlobalSection(SolutionProperties) = preSolution
		HideSolutionNode = FALSE
	EndGlobalSection
	GlobalSection(ExtensibilityGlobals) = postSolution
		SolutionGuid = {D206D903-11B3-409A-B8D7-A91F3E1F961A}
	EndGlobalSection
EndGlobal
