
Microsoft Visual Studio Solution File, Format Version 12.00
# Visual Studio Version 17
VisualStudioVersion = 17.2.32519.379
MinimumVisualStudioVersion = 10.0.40219.1
Project("{FAE04EC0-301F-11D3-BF4B-00C04F79EFBC}") = "Forum", "Forum.csproj", "{8DAC1584-D55B-45B3-BE5D-695537594A3B}"
EndProject
Project("{FAE04EC0-301F-11D3-BF4B-00C04F79EFBC}") = "Forum.Data", "..\Forum.Data\Forum.Data.csproj", "{1FF3B4E6-47FC-44CB-A640-FA2483FCB8C2}"
EndProject
Global
	GlobalSection(SolutionConfigurationPlatforms) = preSolution
		Debug|Any CPU = Debug|Any CPU
		Release|Any CPU = Release|Any CPU
	EndGlobalSection
	GlobalSection(ProjectConfigurationPlatforms) = postSolution
		{8DAC1584-D55B-45B3-BE5D-695537594A3B}.Debug|Any CPU.ActiveCfg = Debug|Any CPU
		{8DAC1584-D55B-45B3-BE5D-695537594A3B}.Debug|Any CPU.Build.0 = Debug|Any CPU
		{8DAC1584-D55B-45B3-BE5D-695537594A3B}.Release|Any CPU.ActiveCfg = Release|Any CPU
		{8DAC1584-D55B-45B3-BE5D-695537594A3B}.Release|Any CPU.Build.0 = Release|Any CPU
		{1FF3B4E6-47FC-44CB-A640-FA2483FCB8C2}.Debug|Any CPU.ActiveCfg = Debug|Any CPU
		{1FF3B4E6-47FC-44CB-A640-FA2483FCB8C2}.Debug|Any CPU.Build.0 = Debug|Any CPU
		{1FF3B4E6-47FC-44CB-A640-FA2483FCB8C2}.Release|Any CPU.ActiveCfg = Release|Any CPU
		{1FF3B4E6-47FC-44CB-A640-FA2483FCB8C2}.Release|Any CPU.Build.0 = Release|Any CPU
	EndGlobalSection
	GlobalSection(SolutionProperties) = preSolution
		HideSolutionNode = FALSE
	EndGlobalSection
	GlobalSection(ExtensibilityGlobals) = postSolution
		SolutionGuid = {2B3DE3C0-A84E-4F29-8E2D-6A774CC91F62}
	EndGlobalSection
EndGlobal
