
Microsoft Visual Studio Solution File, Format Version 12.00
# Visual Studio Version 17
VisualStudioVersion = 17.2.32519.379
MinimumVisualStudioVersion = 10.0.40219.1
Project("{FAE04EC0-301F-11D3-BF4B-00C04F79EFBC}") = "DataBaseTestiiiiiiing", "DataBaseTestiiiiiiing.csproj", "{EDAAE75B-7C67-455F-AD73-0C2805082585}"
EndProject
Global
	GlobalSection(SolutionConfigurationPlatforms) = preSolution
		Debug|Any CPU = Debug|Any CPU
		Release|Any CPU = Release|Any CPU
	EndGlobalSection
	GlobalSection(ProjectConfigurationPlatforms) = postSolution
		{EDAAE75B-7C67-455F-AD73-0C2805082585}.Debug|Any CPU.ActiveCfg = Debug|Any CPU
		{EDAAE75B-7C67-455F-AD73-0C2805082585}.Debug|Any CPU.Build.0 = Debug|Any CPU
		{EDAAE75B-7C67-455F-AD73-0C2805082585}.Release|Any CPU.ActiveCfg = Release|Any CPU
		{EDAAE75B-7C67-455F-AD73-0C2805082585}.Release|Any CPU.Build.0 = Release|Any CPU
	EndGlobalSection
	GlobalSection(SolutionProperties) = preSolution
		HideSolutionNode = FALSE
	EndGlobalSection
	GlobalSection(ExtensibilityGlobals) = postSolution
		SolutionGuid = {11F3450F-493C-4714-B3EF-051882253E5E}
	EndGlobalSection
EndGlobal
